// !$*UTF8*$!
{
	archiveVersion = 1;
	classes = {
	};
	objectVersion = 46;
	objects = {

/* Begin PBXBuildFile section */
		0DC6BB4261F7B389090A6291 /* libPods-bluntAppUITests.a in Frameworks */ = {isa = PBXBuildFile; fileRef = 6A69014B8BA1FB552D96E9F6 /* libPods-bluntAppUITests.a */; };
		22277D711D66BD28004167E8 /* AppDelegate.swift in Sources */ = {isa = PBXBuildFile; fileRef = 22277D701D66BD28004167E8 /* AppDelegate.swift */; };
		22277D731D66BD28004167E8 /* ViewController.swift in Sources */ = {isa = PBXBuildFile; fileRef = 22277D721D66BD28004167E8 /* ViewController.swift */; };
		22277D761D66BD28004167E8 /* Main.storyboard in Resources */ = {isa = PBXBuildFile; fileRef = 22277D741D66BD28004167E8 /* Main.storyboard */; };
		22277D781D66BD28004167E8 /* Assets.xcassets in Resources */ = {isa = PBXBuildFile; fileRef = 22277D771D66BD28004167E8 /* Assets.xcassets */; };
		22277D7B1D66BD28004167E8 /* LaunchScreen.storyboard in Resources */ = {isa = PBXBuildFile; fileRef = 22277D791D66BD28004167E8 /* LaunchScreen.storyboard */; };
		22277D911D66BD29004167E8 /* bluntAppUITests.swift in Sources */ = {isa = PBXBuildFile; fileRef = 22277D901D66BD29004167E8 /* bluntAppUITests.swift */; };
		223C8EBC1D68EA8E00C6C1C8 /* APIManager.swift in Sources */ = {isa = PBXBuildFile; fileRef = 223C8EBB1D68EA8E00C6C1C8 /* APIManager.swift */; };
		2275AAFC1D68F1260094F4F8 /* APIManagerTest.swift in Sources */ = {isa = PBXBuildFile; fileRef = 2275AAFB1D68F1260094F4F8 /* APIManagerTest.swift */; };
		2275AAFE1D68F6D70094F4F8 /* SwiftyJSON.framework in Frameworks */ = {isa = PBXBuildFile; fileRef = 2275AAFD1D68F6D70094F4F8 /* SwiftyJSON.framework */; settings = {ATTRIBUTES = (Required, ); }; };
		2275AB001D6904BB0094F4F8 /* APIonCompleteCallBack.swift in Sources */ = {isa = PBXBuildFile; fileRef = 2275AAFF1D6904BB0094F4F8 /* APIonCompleteCallBack.swift */; };
		2A705E99EA7EA0EA4F76840A /* Pods_bluntApp.framework in Frameworks */ = {isa = PBXBuildFile; fileRef = 59D0D71C67CE2F3D115BAC32 /* Pods_bluntApp.framework */; };
		F156CE30F9F3190CBFF53146 /* libPods-bluntAppTests.a in Frameworks */ = {isa = PBXBuildFile; fileRef = E9F21724CD7E3EAE4BE8AA13 /* libPods-bluntAppTests.a */; };
/* End PBXBuildFile section */

/* Begin PBXContainerItemProxy section */
		22277D821D66BD29004167E8 /* PBXContainerItemProxy */ = {
			isa = PBXContainerItemProxy;
			containerPortal = 22277D651D66BD28004167E8 /* Project object */;
			proxyType = 1;
			remoteGlobalIDString = 22277D6C1D66BD28004167E8;
			remoteInfo = bluntApp;
		};
		22277D8D1D66BD29004167E8 /* PBXContainerItemProxy */ = {
			isa = PBXContainerItemProxy;
			containerPortal = 22277D651D66BD28004167E8 /* Project object */;
			proxyType = 1;
			remoteGlobalIDString = 22277D6C1D66BD28004167E8;
			remoteInfo = bluntApp;
		};
/* End PBXContainerItemProxy section */

/* Begin PBXFileReference section */
		20F858662733299015118562 /* Pods-bluntApp.release.xcconfig */ = {isa = PBXFileReference; includeInIndex = 1; lastKnownFileType = text.xcconfig; name = "Pods-bluntApp.release.xcconfig"; path = "Pods/Target Support Files/Pods-bluntApp/Pods-bluntApp.release.xcconfig"; sourceTree = "<group>"; };
		22277D6D1D66BD28004167E8 /* bluntApp.app */ = {isa = PBXFileReference; explicitFileType = wrapper.application; includeInIndex = 0; path = bluntApp.app; sourceTree = BUILT_PRODUCTS_DIR; };
		22277D701D66BD28004167E8 /* AppDelegate.swift */ = {isa = PBXFileReference; lastKnownFileType = sourcecode.swift; path = AppDelegate.swift; sourceTree = "<group>"; };
		22277D721D66BD28004167E8 /* ViewController.swift */ = {isa = PBXFileReference; lastKnownFileType = sourcecode.swift; path = ViewController.swift; sourceTree = "<group>"; };
		22277D751D66BD28004167E8 /* Base */ = {isa = PBXFileReference; lastKnownFileType = file.storyboard; name = Base; path = Base.lproj/Main.storyboard; sourceTree = "<group>"; };
		22277D771D66BD28004167E8 /* Assets.xcassets */ = {isa = PBXFileReference; lastKnownFileType = folder.assetcatalog; path = Assets.xcassets; sourceTree = "<group>"; };
		22277D7A1D66BD28004167E8 /* Base */ = {isa = PBXFileReference; lastKnownFileType = file.storyboard; name = Base; path = Base.lproj/LaunchScreen.storyboard; sourceTree = "<group>"; };
		22277D7C1D66BD28004167E8 /* Info.plist */ = {isa = PBXFileReference; lastKnownFileType = text.plist.xml; path = Info.plist; sourceTree = "<group>"; };
		22277D811D66BD29004167E8 /* bluntAppTests.xctest */ = {isa = PBXFileReference; explicitFileType = wrapper.cfbundle; includeInIndex = 0; path = bluntAppTests.xctest; sourceTree = BUILT_PRODUCTS_DIR; };
		22277D871D66BD29004167E8 /* Info.plist */ = {isa = PBXFileReference; lastKnownFileType = text.plist.xml; path = Info.plist; sourceTree = "<group>"; };
		22277D8C1D66BD29004167E8 /* bluntAppUITests.xctest */ = {isa = PBXFileReference; explicitFileType = wrapper.cfbundle; includeInIndex = 0; path = bluntAppUITests.xctest; sourceTree = BUILT_PRODUCTS_DIR; };
		22277D901D66BD29004167E8 /* bluntAppUITests.swift */ = {isa = PBXFileReference; lastKnownFileType = sourcecode.swift; path = bluntAppUITests.swift; sourceTree = "<group>"; };
		22277D921D66BD29004167E8 /* Info.plist */ = {isa = PBXFileReference; lastKnownFileType = text.plist.xml; path = Info.plist; sourceTree = "<group>"; };
		223C8EBB1D68EA8E00C6C1C8 /* APIManager.swift */ = {isa = PBXFileReference; fileEncoding = 4; lastKnownFileType = sourcecode.swift; path = APIManager.swift; sourceTree = "<group>"; };
		2275AAFB1D68F1260094F4F8 /* APIManagerTest.swift */ = {isa = PBXFileReference; fileEncoding = 4; lastKnownFileType = sourcecode.swift; path = APIManagerTest.swift; sourceTree = "<group>"; };
		2275AAFD1D68F6D70094F4F8 /* SwiftyJSON.framework */ = {isa = PBXFileReference; lastKnownFileType = wrapper.framework; name = SwiftyJSON.framework; path = "../../Library/Developer/Xcode/DerivedData/bluntApp-fgmxvuinthmbyybezicunhiiiqgj/Build/Products/Debug-iphonesimulator/SwiftyJSON/SwiftyJSON.framework"; sourceTree = "<group>"; };
		2275AAFF1D6904BB0094F4F8 /* APIonCompleteCallBack.swift */ = {isa = PBXFileReference; fileEncoding = 4; lastKnownFileType = sourcecode.swift; path = APIonCompleteCallBack.swift; sourceTree = "<group>"; };
		338CBC93F0B2821EF45307A2 /* Pods-bluntAppUITests.debug.xcconfig */ = {isa = PBXFileReference; includeInIndex = 1; lastKnownFileType = text.xcconfig; name = "Pods-bluntAppUITests.debug.xcconfig"; path = "Pods/Target Support Files/Pods-bluntAppUITests/Pods-bluntAppUITests.debug.xcconfig"; sourceTree = "<group>"; };
		59D0D71C67CE2F3D115BAC32 /* Pods_bluntApp.framework */ = {isa = PBXFileReference; explicitFileType = wrapper.framework; includeInIndex = 0; path = Pods_bluntApp.framework; sourceTree = BUILT_PRODUCTS_DIR; };
		6A69014B8BA1FB552D96E9F6 /* libPods-bluntAppUITests.a */ = {isa = PBXFileReference; explicitFileType = archive.ar; includeInIndex = 0; path = "libPods-bluntAppUITests.a"; sourceTree = BUILT_PRODUCTS_DIR; };
		6EF69C05B926E1FC58563E96 /* Pods-bluntAppUITests.release.xcconfig */ = {isa = PBXFileReference; includeInIndex = 1; lastKnownFileType = text.xcconfig; name = "Pods-bluntAppUITests.release.xcconfig"; path = "Pods/Target Support Files/Pods-bluntAppUITests/Pods-bluntAppUITests.release.xcconfig"; sourceTree = "<group>"; };
		C233C0229C527E3FB3E500EF /* Pods-bluntAppTests.debug.xcconfig */ = {isa = PBXFileReference; includeInIndex = 1; lastKnownFileType = text.xcconfig; name = "Pods-bluntAppTests.debug.xcconfig"; path = "Pods/Target Support Files/Pods-bluntAppTests/Pods-bluntAppTests.debug.xcconfig"; sourceTree = "<group>"; };
		C5EF448D23697DE41336A4CC /* Pods-bluntAppTests.release.xcconfig */ = {isa = PBXFileReference; includeInIndex = 1; lastKnownFileType = text.xcconfig; name = "Pods-bluntAppTests.release.xcconfig"; path = "Pods/Target Support Files/Pods-bluntAppTests/Pods-bluntAppTests.release.xcconfig"; sourceTree = "<group>"; };
		E9F21724CD7E3EAE4BE8AA13 /* libPods-bluntAppTests.a */ = {isa = PBXFileReference; explicitFileType = archive.ar; includeInIndex = 0; path = "libPods-bluntAppTests.a"; sourceTree = BUILT_PRODUCTS_DIR; };
		FF3DFDDEB4238460962340AD /* Pods-bluntApp.debug.xcconfig */ = {isa = PBXFileReference; includeInIndex = 1; lastKnownFileType = text.xcconfig; name = "Pods-bluntApp.debug.xcconfig"; path = "Pods/Target Support Files/Pods-bluntApp/Pods-bluntApp.debug.xcconfig"; sourceTree = "<group>"; };
/* End PBXFileReference section */

/* Begin PBXFrameworksBuildPhase section */
		22277D6A1D66BD28004167E8 /* Frameworks */ = {
			isa = PBXFrameworksBuildPhase;
			buildActionMask = 2147483647;
			files = (
				2275AAFE1D68F6D70094F4F8 /* SwiftyJSON.framework in Frameworks */,
				2A705E99EA7EA0EA4F76840A /* Pods_bluntApp.framework in Frameworks */,
			);
			runOnlyForDeploymentPostprocessing = 0;
		};
		22277D7E1D66BD29004167E8 /* Frameworks */ = {
			isa = PBXFrameworksBuildPhase;
			buildActionMask = 2147483647;
			files = (
				F156CE30F9F3190CBFF53146 /* libPods-bluntAppTests.a in Frameworks */,
			);
			runOnlyForDeploymentPostprocessing = 0;
		};
		22277D891D66BD29004167E8 /* Frameworks */ = {
			isa = PBXFrameworksBuildPhase;
			buildActionMask = 2147483647;
			files = (
				0DC6BB4261F7B389090A6291 /* libPods-bluntAppUITests.a in Frameworks */,
			);
			runOnlyForDeploymentPostprocessing = 0;
		};
/* End PBXFrameworksBuildPhase section */

/* Begin PBXGroup section */
		22277D641D66BD28004167E8 = {
			isa = PBXGroup;
			children = (
				22277D6F1D66BD28004167E8 /* bluntApp */,
				22277D841D66BD29004167E8 /* bluntAppTests */,
				22277D8F1D66BD29004167E8 /* bluntAppUITests */,
				22277D6E1D66BD28004167E8 /* Products */,
				25769ABD6150DD5EEB1FF9B1 /* Pods */,
				6B95AB7D3B71D2E68C97073C /* Frameworks */,
			);
			sourceTree = "<group>";
		};
		22277D6E1D66BD28004167E8 /* Products */ = {
			isa = PBXGroup;
			children = (
				22277D6D1D66BD28004167E8 /* bluntApp.app */,
				22277D811D66BD29004167E8 /* bluntAppTests.xctest */,
				22277D8C1D66BD29004167E8 /* bluntAppUITests.xctest */,
			);
			name = Products;
			sourceTree = "<group>";
		};
		22277D6F1D66BD28004167E8 /* bluntApp */ = {
			isa = PBXGroup;
			children = (
				223C8EB91D68E93D00C6C1C8 /* Models */,
				223C8EB71D68E91A00C6C1C8 /* Views */,
				223C8EB61D68E90B00C6C1C8 /* ViewModels */,
				223C8EB51D68E90300C6C1C8 /* Controllers */,
				223C8EB41D68E8FD00C6C1C8 /* Stores */,
				223C8EB31D68E8F500C6C1C8 /* Helpers */,
				223C8EB21D68E8E600C6C1C8 /* Network */,
				22277D701D66BD28004167E8 /* AppDelegate.swift */,
				22277D721D66BD28004167E8 /* ViewController.swift */,
				22277D741D66BD28004167E8 /* Main.storyboard */,
				22277D771D66BD28004167E8 /* Assets.xcassets */,
				22277D791D66BD28004167E8 /* LaunchScreen.storyboard */,
				22277D7C1D66BD28004167E8 /* Info.plist */,
			);
			path = bluntApp;
			sourceTree = "<group>";
		};
		22277D841D66BD29004167E8 /* bluntAppTests */ = {
			isa = PBXGroup;
			children = (
				22277D871D66BD29004167E8 /* Info.plist */,
				2275AAFB1D68F1260094F4F8 /* APIManagerTest.swift */,
			);
			path = bluntAppTests;
			sourceTree = "<group>";
		};
		22277D8F1D66BD29004167E8 /* bluntAppUITests */ = {
			isa = PBXGroup;
			children = (
				22277D901D66BD29004167E8 /* bluntAppUITests.swift */,
				22277D921D66BD29004167E8 /* Info.plist */,
			);
			path = bluntAppUITests;
			sourceTree = "<group>";
		};
		223C8EB21D68E8E600C6C1C8 /* Network */ = {
			isa = PBXGroup;
			children = (
				223C8EBB1D68EA8E00C6C1C8 /* APIManager.swift */,
				2275AAFF1D6904BB0094F4F8 /* APIonCompleteCallBack.swift */,
			);
			name = Network;
			sourceTree = "<group>";
		};
		223C8EB31D68E8F500C6C1C8 /* Helpers */ = {
			isa = PBXGroup;
			children = (
			);
			name = Helpers;
			sourceTree = "<group>";
		};
		223C8EB41D68E8FD00C6C1C8 /* Stores */ = {
			isa = PBXGroup;
			children = (
			);
			name = Stores;
			sourceTree = "<group>";
		};
		223C8EB51D68E90300C6C1C8 /* Controllers */ = {
			isa = PBXGroup;
			children = (
			);
			name = Controllers;
			sourceTree = "<group>";
		};
		223C8EB61D68E90B00C6C1C8 /* ViewModels */ = {
			isa = PBXGroup;
			children = (
			);
			name = ViewModels;
			sourceTree = "<group>";
		};
		223C8EB71D68E91A00C6C1C8 /* Views */ = {
			isa = PBXGroup;
			children = (
				223C8EB81D68E92100C6C1C8 /* xib */,
			);
			name = Views;
			sourceTree = "<group>";
		};
		223C8EB81D68E92100C6C1C8 /* xib */ = {
			isa = PBXGroup;
			children = (
			);
			name = xib;
			sourceTree = "<group>";
		};
		223C8EB91D68E93D00C6C1C8 /* Models */ = {
			isa = PBXGroup;
			children = (
				223C8EBA1D68E95100C6C1C8 /* Structs */,
			);
			name = Models;
			sourceTree = "<group>";
		};
		223C8EBA1D68E95100C6C1C8 /* Structs */ = {
			isa = PBXGroup;
			children = (
			);
			name = Structs;
			sourceTree = "<group>";
		};
		25769ABD6150DD5EEB1FF9B1 /* Pods */ = {
			isa = PBXGroup;
			children = (
				FF3DFDDEB4238460962340AD /* Pods-bluntApp.debug.xcconfig */,
				20F858662733299015118562 /* Pods-bluntApp.release.xcconfig */,
				C233C0229C527E3FB3E500EF /* Pods-bluntAppTests.debug.xcconfig */,
				C5EF448D23697DE41336A4CC /* Pods-bluntAppTests.release.xcconfig */,
				338CBC93F0B2821EF45307A2 /* Pods-bluntAppUITests.debug.xcconfig */,
				6EF69C05B926E1FC58563E96 /* Pods-bluntAppUITests.release.xcconfig */,
			);
			name = Pods;
			sourceTree = "<group>";
		};
		6B95AB7D3B71D2E68C97073C /* Frameworks */ = {
			isa = PBXGroup;
			children = (
				2275AAFD1D68F6D70094F4F8 /* SwiftyJSON.framework */,
				59D0D71C67CE2F3D115BAC32 /* Pods_bluntApp.framework */,
				E9F21724CD7E3EAE4BE8AA13 /* libPods-bluntAppTests.a */,
				6A69014B8BA1FB552D96E9F6 /* libPods-bluntAppUITests.a */,
			);
			name = Frameworks;
			sourceTree = "<group>";
		};
/* End PBXGroup section */

/* Begin PBXNativeTarget section */
		22277D6C1D66BD28004167E8 /* bluntApp */ = {
			isa = PBXNativeTarget;
			buildConfigurationList = 22277D951D66BD29004167E8 /* Build configuration list for PBXNativeTarget "bluntApp" */;
			buildPhases = (
				3B3A7CD12988AF7C11047E72 /* [CP] Check Pods Manifest.lock */,
				22277D691D66BD28004167E8 /* Sources */,
				22277D6A1D66BD28004167E8 /* Frameworks */,
				22277D6B1D66BD28004167E8 /* Resources */,
				30040E87D5073C899DFA674E /* [CP] Embed Pods Frameworks */,
				5E043B64CDCC7F5FA5C00EC3 /* [CP] Copy Pods Resources */,
			);
			buildRules = (
			);
			dependencies = (
			);
			name = bluntApp;
			productName = bluntApp;
			productReference = 22277D6D1D66BD28004167E8 /* bluntApp.app */;
			productType = "com.apple.product-type.application";
		};
		22277D801D66BD29004167E8 /* bluntAppTests */ = {
			isa = PBXNativeTarget;
			buildConfigurationList = 22277D981D66BD29004167E8 /* Build configuration list for PBXNativeTarget "bluntAppTests" */;
			buildPhases = (
				5A18333D457B37A9513E6ADC /* [CP] Check Pods Manifest.lock */,
				22277D7D1D66BD29004167E8 /* Sources */,
				22277D7E1D66BD29004167E8 /* Frameworks */,
				22277D7F1D66BD29004167E8 /* Resources */,
				3C3012577FDA4F513F1AFDB3 /* [CP] Embed Pods Frameworks */,
				15AD81B32E28C2570BF8084C /* [CP] Copy Pods Resources */,
			);
			buildRules = (
			);
			dependencies = (
				22277D831D66BD29004167E8 /* PBXTargetDependency */,
			);
			name = bluntAppTests;
			productName = bluntAppTests;
			productReference = 22277D811D66BD29004167E8 /* bluntAppTests.xctest */;
			productType = "com.apple.product-type.bundle.unit-test";
		};
		22277D8B1D66BD29004167E8 /* bluntAppUITests */ = {
			isa = PBXNativeTarget;
			buildConfigurationList = 22277D9B1D66BD29004167E8 /* Build configuration list for PBXNativeTarget "bluntAppUITests" */;
			buildPhases = (
				057DF3B4FA42C86BE6A38AB0 /* [CP] Check Pods Manifest.lock */,
				22277D881D66BD29004167E8 /* Sources */,
				22277D891D66BD29004167E8 /* Frameworks */,
				22277D8A1D66BD29004167E8 /* Resources */,
				846A377D5AA6300AEE470E5F /* [CP] Embed Pods Frameworks */,
				C677711C22456555121CAFBC /* [CP] Copy Pods Resources */,
			);
			buildRules = (
			);
			dependencies = (
				22277D8E1D66BD29004167E8 /* PBXTargetDependency */,
			);
			name = bluntAppUITests;
			productName = bluntAppUITests;
			productReference = 22277D8C1D66BD29004167E8 /* bluntAppUITests.xctest */;
			productType = "com.apple.product-type.bundle.ui-testing";
		};
/* End PBXNativeTarget section */

/* Begin PBXProject section */
		22277D651D66BD28004167E8 /* Project object */ = {
			isa = PBXProject;
			attributes = {
				LastSwiftUpdateCheck = 0730;
				LastUpgradeCheck = 0730;
				ORGANIZATIONNAME = geniemedialabs;
				TargetAttributes = {
					22277D6C1D66BD28004167E8 = {
						CreatedOnToolsVersion = 7.3.1;
					};
					22277D801D66BD29004167E8 = {
						CreatedOnToolsVersion = 7.3.1;
						TestTargetID = 22277D6C1D66BD28004167E8;
					};
					22277D8B1D66BD29004167E8 = {
						CreatedOnToolsVersion = 7.3.1;
						TestTargetID = 22277D6C1D66BD28004167E8;
					};
				};
			};
			buildConfigurationList = 22277D681D66BD28004167E8 /* Build configuration list for PBXProject "bluntApp" */;
			compatibilityVersion = "Xcode 3.2";
			developmentRegion = English;
			hasScannedForEncodings = 0;
			knownRegions = (
				en,
				Base,
			);
			mainGroup = 22277D641D66BD28004167E8;
			productRefGroup = 22277D6E1D66BD28004167E8 /* Products */;
			projectDirPath = "";
			projectRoot = "";
			targets = (
				22277D6C1D66BD28004167E8 /* bluntApp */,
				22277D801D66BD29004167E8 /* bluntAppTests */,
				22277D8B1D66BD29004167E8 /* bluntAppUITests */,
			);
		};
/* End PBXProject section */

/* Begin PBXResourcesBuildPhase section */
		22277D6B1D66BD28004167E8 /* Resources */ = {
			isa = PBXResourcesBuildPhase;
			buildActionMask = 2147483647;
			files = (
				22277D7B1D66BD28004167E8 /* LaunchScreen.storyboard in Resources */,
				22277D781D66BD28004167E8 /* Assets.xcassets in Resources */,
				22277D761D66BD28004167E8 /* Main.storyboard in Resources */,
			);
			runOnlyForDeploymentPostprocessing = 0;
		};
		22277D7F1D66BD29004167E8 /* Resources */ = {
			isa = PBXResourcesBuildPhase;
			buildActionMask = 2147483647;
			files = (
			);
			runOnlyForDeploymentPostprocessing = 0;
		};
		22277D8A1D66BD29004167E8 /* Resources */ = {
			isa = PBXResourcesBuildPhase;
			buildActionMask = 2147483647;
			files = (
			);
			runOnlyForDeploymentPostprocessing = 0;
		};
/* End PBXResourcesBuildPhase section */

/* Begin PBXShellScriptBuildPhase section */
		057DF3B4FA42C86BE6A38AB0 /* [CP] Check Pods Manifest.lock */ = {
			isa = PBXShellScriptBuildPhase;
			buildActionMask = 2147483647;
			files = (
			);
			inputPaths = (
			);
			name = "[CP] Check Pods Manifest.lock";
			outputPaths = (
			);
			runOnlyForDeploymentPostprocessing = 0;
			shellPath = /bin/sh;
			shellScript = "diff \"${PODS_ROOT}/../Podfile.lock\" \"${PODS_ROOT}/Manifest.lock\" > /dev/null\nif [ $? != 0 ] ; then\n    # print error to STDERR\n    echo \"error: The sandbox is not in sync with the Podfile.lock. Run 'pod install' or update your CocoaPods installation.\" >&2\n    exit 1\nfi\n";
			showEnvVarsInLog = 0;
		};
		15AD81B32E28C2570BF8084C /* [CP] Copy Pods Resources */ = {
			isa = PBXShellScriptBuildPhase;
			buildActionMask = 2147483647;
			files = (
			);
			inputPaths = (
			);
			name = "[CP] Copy Pods Resources";
			outputPaths = (
			);
			runOnlyForDeploymentPostprocessing = 0;
			shellPath = /bin/sh;
			shellScript = "\"${SRCROOT}/Pods/Target Support Files/Pods-bluntAppTests/Pods-bluntAppTests-resources.sh\"\n";
			showEnvVarsInLog = 0;
		};
		30040E87D5073C899DFA674E /* [CP] Embed Pods Frameworks */ = {
			isa = PBXShellScriptBuildPhase;
			buildActionMask = 2147483647;
			files = (
			);
			inputPaths = (
			);
			name = "[CP] Embed Pods Frameworks";
			outputPaths = (
			);
			runOnlyForDeploymentPostprocessing = 0;
			shellPath = /bin/sh;
			shellScript = "\"${SRCROOT}/Pods/Target Support Files/Pods-bluntApp/Pods-bluntApp-frameworks.sh\"\n";
			showEnvVarsInLog = 0;
		};
		3B3A7CD12988AF7C11047E72 /* [CP] Check Pods Manifest.lock */ = {
			isa = PBXShellScriptBuildPhase;
			buildActionMask = 2147483647;
			files = (
			);
			inputPaths = (
			);
			name = "[CP] Check Pods Manifest.lock";
			outputPaths = (
			);
			runOnlyForDeploymentPostprocessing = 0;
			shellPath = /bin/sh;
			shellScript = "diff \"${PODS_ROOT}/../Podfile.lock\" \"${PODS_ROOT}/Manifest.lock\" > /dev/null\nif [ $? != 0 ] ; then\n    # print error to STDERR\n    echo \"error: The sandbox is not in sync with the Podfile.lock. Run 'pod install' or update your CocoaPods installation.\" >&2\n    exit 1\nfi\n";
			showEnvVarsInLog = 0;
		};
		3C3012577FDA4F513F1AFDB3 /* [CP] Embed Pods Frameworks */ = {
			isa = PBXShellScriptBuildPhase;
			buildActionMask = 2147483647;
			files = (
			);
			inputPaths = (
			);
			name = "[CP] Embed Pods Frameworks";
			outputPaths = (
			);
			runOnlyForDeploymentPostprocessing = 0;
			shellPath = /bin/sh;
			shellScript = "\"${SRCROOT}/Pods/Target Support Files/Pods-bluntAppTests/Pods-bluntAppTests-frameworks.sh\"\n";
			showEnvVarsInLog = 0;
		};
		5A18333D457B37A9513E6ADC /* [CP] Check Pods Manifest.lock */ = {
			isa = PBXShellScriptBuildPhase;
			buildActionMask = 2147483647;
			files = (
			);
			inputPaths = (
			);
			name = "[CP] Check Pods Manifest.lock";
			outputPaths = (
			);
			runOnlyForDeploymentPostprocessing = 0;
			shellPath = /bin/sh;
			shellScript = "diff \"${PODS_ROOT}/../Podfile.lock\" \"${PODS_ROOT}/Manifest.lock\" > /dev/null\nif [ $? != 0 ] ; then\n    # print error to STDERR\n    echo \"error: The sandbox is not in sync with the Podfile.lock. Run 'pod install' or update your CocoaPods installation.\" >&2\n    exit 1\nfi\n";
			showEnvVarsInLog = 0;
		};
		5E043B64CDCC7F5FA5C00EC3 /* [CP] Copy Pods Resources */ = {
			isa = PBXShellScriptBuildPhase;
			buildActionMask = 2147483647;
			files = (
			);
			inputPaths = (
			);
			name = "[CP] Copy Pods Resources";
			outputPaths = (
			);
			runOnlyForDeploymentPostprocessing = 0;
			shellPath = /bin/sh;
			shellScript = "\"${SRCROOT}/Pods/Target Support Files/Pods-bluntApp/Pods-bluntApp-resources.sh\"\n";
			showEnvVarsInLog = 0;
		};
		846A377D5AA6300AEE470E5F /* [CP] Embed Pods Frameworks */ = {
			isa = PBXShellScriptBuildPhase;
			buildActionMask = 2147483647;
			files = (
			);
			inputPaths = (
			);
			name = "[CP] Embed Pods Frameworks";
			outputPaths = (
			);
			runOnlyForDeploymentPostprocessing = 0;
			shellPath = /bin/sh;
			shellScript = "\"${SRCROOT}/Pods/Target Support Files/Pods-bluntAppUITests/Pods-bluntAppUITests-frameworks.sh\"\n";
			showEnvVarsInLog = 0;
		};
		C677711C22456555121CAFBC /* [CP] Copy Pods Resources */ = {
			isa = PBXShellScriptBuildPhase;
			buildActionMask = 2147483647;
			files = (
			);
			inputPaths = (
			);
			name = "[CP] Copy Pods Resources";
			outputPaths = (
			);
			runOnlyForDeploymentPostprocessing = 0;
			shellPath = /bin/sh;
			shellScript = "\"${SRCROOT}/Pods/Target Support Files/Pods-bluntAppUITests/Pods-bluntAppUITests-resources.sh\"\n";
			showEnvVarsInLog = 0;
		};
/* End PBXShellScriptBuildPhase section */

/* Begin PBXSourcesBuildPhase section */
		22277D691D66BD28004167E8 /* Sources */ = {
			isa = PBXSourcesBuildPhase;
			buildActionMask = 2147483647;
			files = (
				223C8EBC1D68EA8E00C6C1C8 /* APIManager.swift in Sources */,
				22277D731D66BD28004167E8 /* ViewController.swift in Sources */,
				22277D711D66BD28004167E8 /* AppDelegate.swift in Sources */,
				2275AB001D6904BB0094F4F8 /* APIonCompleteCallBack.swift in Sources */,
			);
			runOnlyForDeploymentPostprocessing = 0;
		};
		22277D7D1D66BD29004167E8 /* Sources */ = {
			isa = PBXSourcesBuildPhase;
			buildActionMask = 2147483647;
			files = (
				2275AAFC1D68F1260094F4F8 /* APIManagerTest.swift in Sources */,
			);
			runOnlyForDeploymentPostprocessing = 0;
		};
		22277D881D66BD29004167E8 /* Sources */ = {
			isa = PBXSourcesBuildPhase;
			buildActionMask = 2147483647;
			files = (
				22277D911D66BD29004167E8 /* bluntAppUITests.swift in Sources */,
			);
			runOnlyForDeploymentPostprocessing = 0;
		};
/* End PBXSourcesBuildPhase section */

/* Begin PBXTargetDependency section */
		22277D831D66BD29004167E8 /* PBXTargetDependency */ = {
			isa = PBXTargetDependency;
			target = 22277D6C1D66BD28004167E8 /* bluntApp */;
			targetProxy = 22277D821D66BD29004167E8 /* PBXContainerItemProxy */;
		};
		22277D8E1D66BD29004167E8 /* PBXTargetDependency */ = {
			isa = PBXTargetDependency;
			target = 22277D6C1D66BD28004167E8 /* bluntApp */;
			targetProxy = 22277D8D1D66BD29004167E8 /* PBXContainerItemProxy */;
		};
/* End PBXTargetDependency section */

/* Begin PBXVariantGroup section */
		22277D741D66BD28004167E8 /* Main.storyboard */ = {
			isa = PBXVariantGroup;
			children = (
				22277D751D66BD28004167E8 /* Base */,
			);
			name = Main.storyboard;
			sourceTree = "<group>";
		};
		22277D791D66BD28004167E8 /* LaunchScreen.storyboard */ = {
			isa = PBXVariantGroup;
			children = (
				22277D7A1D66BD28004167E8 /* Base */,
			);
			name = LaunchScreen.storyboard;
			sourceTree = "<group>";
		};
/* End PBXVariantGroup section */

/* Begin XCBuildConfiguration section */
		22277D931D66BD29004167E8 /* Debug */ = {
			isa = XCBuildConfiguration;
			buildSettings = {
				ALWAYS_SEARCH_USER_PATHS = NO;
				CLANG_ANALYZER_NONNULL = YES;
				CLANG_CXX_LANGUAGE_STANDARD = "gnu++0x";
				CLANG_CXX_LIBRARY = "libc++";
				CLANG_ENABLE_MODULES = YES;
				CLANG_ENABLE_OBJC_ARC = YES;
				CLANG_WARN_BOOL_CONVERSION = YES;
				CLANG_WARN_CONSTANT_CONVERSION = YES;
				CLANG_WARN_DIRECT_OBJC_ISA_USAGE = YES_ERROR;
				CLANG_WARN_EMPTY_BODY = YES;
				CLANG_WARN_ENUM_CONVERSION = YES;
				CLANG_WARN_INT_CONVERSION = YES;
				CLANG_WARN_OBJC_ROOT_CLASS = YES_ERROR;
				CLANG_WARN_UNREACHABLE_CODE = YES;
				CLANG_WARN__DUPLICATE_METHOD_MATCH = YES;
				"CODE_SIGN_IDENTITY[sdk=iphoneos*]" = "iPhone Developer";
				COPY_PHASE_STRIP = NO;
				DEBUG_INFORMATION_FORMAT = dwarf;
				ENABLE_STRICT_OBJC_MSGSEND = YES;
				ENABLE_TESTABILITY = YES;
				GCC_C_LANGUAGE_STANDARD = gnu99;
				GCC_DYNAMIC_NO_PIC = NO;
				GCC_NO_COMMON_BLOCKS = YES;
				GCC_OPTIMIZATION_LEVEL = 0;
				GCC_PREPROCESSOR_DEFINITIONS = (
					"DEBUG=1",
					"$(inherited)",
				);
				GCC_WARN_64_TO_32_BIT_CONVERSION = YES;
				GCC_WARN_ABOUT_RETURN_TYPE = YES_ERROR;
				GCC_WARN_UNDECLARED_SELECTOR = YES;
				GCC_WARN_UNINITIALIZED_AUTOS = YES_AGGRESSIVE;
				GCC_WARN_UNUSED_FUNCTION = YES;
				GCC_WARN_UNUSED_VARIABLE = YES;
				IPHONEOS_DEPLOYMENT_TARGET = 9.3;
				MTL_ENABLE_DEBUG_INFO = YES;
				ONLY_ACTIVE_ARCH = YES;
				SDKROOT = iphoneos;
				SWIFT_OPTIMIZATION_LEVEL = "-Onone";
			};
			name = Debug;
		};
		22277D941D66BD29004167E8 /* Release */ = {
			isa = XCBuildConfiguration;
			buildSettings = {
				ALWAYS_SEARCH_USER_PATHS = NO;
				CLANG_ANALYZER_NONNULL = YES;
				CLANG_CXX_LANGUAGE_STANDARD = "gnu++0x";
				CLANG_CXX_LIBRARY = "libc++";
				CLANG_ENABLE_MODULES = YES;
				CLANG_ENABLE_OBJC_ARC = YES;
				CLANG_WARN_BOOL_CONVERSION = YES;
				CLANG_WARN_CONSTANT_CONVERSION = YES;
				CLANG_WARN_DIRECT_OBJC_ISA_USAGE = YES_ERROR;
				CLANG_WARN_EMPTY_BODY = YES;
				CLANG_WARN_ENUM_CONVERSION = YES;
				CLANG_WARN_INT_CONVERSION = YES;
				CLANG_WARN_OBJC_ROOT_CLASS = YES_ERROR;
				CLANG_WARN_UNREACHABLE_CODE = YES;
				CLANG_WARN__DUPLICATE_METHOD_MATCH = YES;
				"CODE_SIGN_IDENTITY[sdk=iphoneos*]" = "iPhone Developer";
				COPY_PHASE_STRIP = NO;
				DEBUG_INFORMATION_FORMAT = "dwarf-with-dsym";
				ENABLE_NS_ASSERTIONS = NO;
				ENABLE_STRICT_OBJC_MSGSEND = YES;
				GCC_C_LANGUAGE_STANDARD = gnu99;
				GCC_NO_COMMON_BLOCKS = YES;
				GCC_WARN_64_TO_32_BIT_CONVERSION = YES;
				GCC_WARN_ABOUT_RETURN_TYPE = YES_ERROR;
				GCC_WARN_UNDECLARED_SELECTOR = YES;
				GCC_WARN_UNINITIALIZED_AUTOS = YES_AGGRESSIVE;
				GCC_WARN_UNUSED_FUNCTION = YES;
				GCC_WARN_UNUSED_VARIABLE = YES;
				IPHONEOS_DEPLOYMENT_TARGET = 9.3;
				MTL_ENABLE_DEBUG_INFO = NO;
				SDKROOT = iphoneos;
				VALIDATE_PRODUCT = YES;
			};
			name = Release;
		};
		22277D961D66BD29004167E8 /* Debug */ = {
			isa = XCBuildConfiguration;
			baseConfigurationReference = FF3DFDDEB4238460962340AD /* Pods-bluntApp.debug.xcconfig */;
			buildSettings = {
				ASSETCATALOG_COMPILER_APPICON_NAME = AppIcon;
				INFOPLIST_FILE = bluntApp/Info.plist;
				LD_RUNPATH_SEARCH_PATHS = "$(inherited) @executable_path/Frameworks";
				PRODUCT_BUNDLE_IDENTIFIER = org.gml.io.bluntApp;
				PRODUCT_NAME = "$(TARGET_NAME)";
			};
			name = Debug;
		};
		22277D971D66BD29004167E8 /* Release */ = {
			isa = XCBuildConfiguration;
			baseConfigurationReference = 20F858662733299015118562 /* Pods-bluntApp.release.xcconfig */;
			buildSettings = {
				ASSETCATALOG_COMPILER_APPICON_NAME = AppIcon;
				INFOPLIST_FILE = bluntApp/Info.plist;
				LD_RUNPATH_SEARCH_PATHS = "$(inherited) @executable_path/Frameworks";
				PRODUCT_BUNDLE_IDENTIFIER = org.gml.io.bluntApp;
				PRODUCT_NAME = "$(TARGET_NAME)";
			};
			name = Release;
		};
		22277D991D66BD29004167E8 /* Debug */ = {
			isa = XCBuildConfiguration;
			baseConfigurationReference = C233C0229C527E3FB3E500EF /* Pods-bluntAppTests.debug.xcconfig */;
			buildSettings = {
				BUNDLE_LOADER = "$(TEST_HOST)";
				INFOPLIST_FILE = bluntAppTests/Info.plist;
				LD_RUNPATH_SEARCH_PATHS = "$(inherited) @executable_path/Frameworks @loader_path/Frameworks";
				PRODUCT_BUNDLE_IDENTIFIER = org.gml.io.bluntAppTests;
				PRODUCT_NAME = "$(TARGET_NAME)";
				TEST_HOST = "$(BUILT_PRODUCTS_DIR)/bluntApp.app/bluntApp";
			};
			name = Debug;
		};
		22277D9A1D66BD29004167E8 /* Release */ = {
			isa = XCBuildConfiguration;
			baseConfigurationReference = C5EF448D23697DE41336A4CC /* Pods-bluntAppTests.release.xcconfig */;
			buildSettings = {
				BUNDLE_LOADER = "$(TEST_HOST)";
				INFOPLIST_FILE = bluntAppTests/Info.plist;
				LD_RUNPATH_SEARCH_PATHS = "$(inherited) @executable_path/Frameworks @loader_path/Frameworks";
				PRODUCT_BUNDLE_IDENTIFIER = org.gml.io.bluntAppTests;
				PRODUCT_NAME = "$(TARGET_NAME)";
				TEST_HOST = "$(BUILT_PRODUCTS_DIR)/bluntApp.app/bluntApp";
			};
			name = Release;
		};
		22277D9C1D66BD29004167E8 /* Debug */ = {
			isa = XCBuildConfiguration;
			baseConfigurationReference = 338CBC93F0B2821EF45307A2 /* Pods-bluntAppUITests.debug.xcconfig */;
			buildSettings = {
				INFOPLIST_FILE = bluntAppUITests/Info.plist;
				LD_RUNPATH_SEARCH_PATHS = "$(inherited) @executable_path/Frameworks @loader_path/Frameworks";
				PRODUCT_BUNDLE_IDENTIFIER = org.gml.io.bluntAppUITests;
				PRODUCT_NAME = "$(TARGET_NAME)";
				TEST_TARGET_NAME = bluntApp;
			};
			name = Debug;
		};
		22277D9D1D66BD29004167E8 /* Release */ = {
			isa = XCBuildConfiguration;
			baseConfigurationReference = 6EF69C05B926E1FC58563E96 /* Pods-bluntAppUITests.release.xcconfig */;
			buildSettings = {
				INFOPLIST_FILE = bluntAppUITests/Info.plist;
				LD_RUNPATH_SEARCH_PATHS = "$(inherited) @executable_path/Frameworks @loader_path/Frameworks";
				PRODUCT_BUNDLE_IDENTIFIER = org.gml.io.bluntAppUITests;
				PRODUCT_NAME = "$(TARGET_NAME)";
				TEST_TARGET_NAME = bluntApp;
			};
			name = Release;
		};
/* End XCBuildConfiguration section */

/* Begin XCConfigurationList section */
		22277D681D66BD28004167E8 /* Build configuration list for PBXProject "bluntApp" */ = {
			isa = XCConfigurationList;
			buildConfigurations = (
				22277D931D66BD29004167E8 /* Debug */,
				22277D941D66BD29004167E8 /* Release */,
			);
			defaultConfigurationIsVisible = 0;
			defaultConfigurationName = Release;
		};
		22277D951D66BD29004167E8 /* Build configuration list for PBXNativeTarget "bluntApp" */ = {
			isa = XCConfigurationList;
			buildConfigurations = (
				22277D961D66BD29004167E8 /* Debug */,
				22277D971D66BD29004167E8 /* Release */,
			);
			defaultConfigurationIsVisible = 0;
			defaultConfigurationName = Release;
		};
		22277D981D66BD29004167E8 /* Build configuration list for PBXNativeTarget "bluntAppTests" */ = {
			isa = XCConfigurationList;
			buildConfigurations = (
				22277D991D66BD29004167E8 /* Debug */,
				22277D9A1D66BD29004167E8 /* Release */,
			);
			defaultConfigurationIsVisible = 0;
			defaultConfigurationName = Release;
		};
		22277D9B1D66BD29004167E8 /* Build configuration list for PBXNativeTarget "bluntAppUITests" */ = {
			isa = XCConfigurationList;
			buildConfigurations = (
				22277D9C1D66BD29004167E8 /* Debug */,
				22277D9D1D66BD29004167E8 /* Release */,
			);
			defaultConfigurationIsVisible = 0;
			defaultConfigurationName = Release;
		};
/* End XCConfigurationList section */
	};
	rootObject = 22277D651D66BD28004167E8 /* Project object */;
}
